
Microsoft Visual Studio Solution File, Format Version 12.00
# Visual Studio 15
VisualStudioVersion = 15.0.28307.329
MinimumVisualStudioVersion = 10.0.40219.1
Project("{FAE04EC0-301F-11D3-BF4B-00C04F79EFBC}") = "magick_test", "magick_test\magick_test.csproj", "{4CBCE3DA-B629-4D49-BA0E-630EE00E399F}"
EndProject
Global
	GlobalSection(SolutionConfigurationPlatforms) = preSolution
		Debug|Any CPU = Debug|Any CPU
		Release|Any CPU = Release|Any CPU
	EndGlobalSection
	GlobalSection(ProjectConfigurationPlatforms) = postSolution
		{4CBCE3DA-B629-4D49-BA0E-630EE00E399F}.Debug|Any CPU.ActiveCfg = Debug|Any CPU
		{4CBCE3DA-B629-4D49-BA0E-630EE00E399F}.Debug|Any CPU.Build.0 = Debug|Any CPU
		{4CBCE3DA-B629-4D49-BA0E-630EE00E399F}.Release|Any CPU.ActiveCfg = Release|Any CPU
		{4CBCE3DA-B629-4D49-BA0E-630EE00E399F}.Release|Any CPU.Build.0 = Release|Any CPU
	EndGlobalSection
	GlobalSection(SolutionProperties) = preSolution
		HideSolutionNode = FALSE
	EndGlobalSection
	GlobalSection(ExtensibilityGlobals) = postSolution
		SolutionGuid = {8542BF40-EC7F-4684-919C-031374E19066}
	EndGlobalSection
EndGlobal
